
Microsoft Visual Studio Solution File, Format Version 12.00
# Visual Studio Version 16
VisualStudioVersion = 16.0.31613.86
MinimumVisualStudioVersion = 10.0.40219.1
Project("{9A19103F-16F7-4668-BE54-9A1E7A4F7556}") = "Inlämninsuppgift_01", "Inlämninsuppgift_01\Inlämninsuppgift_01.csproj", "{519914F5-DFCD-490B-9EE6-06BDE5199FC1}"
EndProject
Global
	GlobalSection(SolutionConfigurationPlatforms) = preSolution
		Debug|Any CPU = Debug|Any CPU
		Release|Any CPU = Release|Any CPU
	EndGlobalSection
	GlobalSection(ProjectConfigurationPlatforms) = postSolution
		{519914F5-DFCD-490B-9EE6-06BDE5199FC1}.Debug|Any CPU.ActiveCfg = Debug|Any CPU
		{519914F5-DFCD-490B-9EE6-06BDE5199FC1}.Debug|Any CPU.Build.0 = Debug|Any CPU
		{519914F5-DFCD-490B-9EE6-06BDE5199FC1}.Release|Any CPU.ActiveCfg = Release|Any CPU
		{519914F5-DFCD-490B-9EE6-06BDE5199FC1}.Release|Any CPU.Build.0 = Release|Any CPU
	EndGlobalSection
	GlobalSection(SolutionProperties) = preSolution
		HideSolutionNode = FALSE
	EndGlobalSection
	GlobalSection(ExtensibilityGlobals) = postSolution
		SolutionGuid = {94050EA9-1A04-413A-988A-9840E1A1524B}
	EndGlobalSection
EndGlobal
